
Microsoft Visual Studio Solution File, Format Version 12.00
# Visual Studio 15
VisualStudioVersion = 15.0.26730.8
MinimumVisualStudioVersion = 10.0.40219.1
Project("{8BC9CEB8-8B4A-11D0-8D11-00A0C91BC942}") = "rtpreceive", "rtpreceive\rtpreceive.vcxproj", "{32A10D3A-2A7D-4E61-A7CF-C2A714E562EB}"
EndProject
Global
	GlobalSection(SolutionConfigurationPlatforms) = preSolution
		Debug|x64 = Debug|x64
		Debug|x86 = Debug|x86
		Release|x64 = Release|x64
		Release|x86 = Release|x86
	EndGlobalSection
	GlobalSection(ProjectConfigurationPlatforms) = postSolution
		{32A10D3A-2A7D-4E61-A7CF-C2A714E562EB}.Debug|x64.ActiveCfg = Debug|x64
		{32A10D3A-2A7D-4E61-A7CF-C2A714E562EB}.Debug|x64.Build.0 = Debug|x64
		{32A10D3A-2A7D-4E61-A7CF-C2A714E562EB}.Debug|x86.ActiveCfg = Debug|Win32
		{32A10D3A-2A7D-4E61-A7CF-C2A714E562EB}.Debug|x86.Build.0 = Debug|Win32
		{32A10D3A-2A7D-4E61-A7CF-C2A714E562EB}.Release|x64.ActiveCfg = Release|x64
		{32A10D3A-2A7D-4E61-A7CF-C2A714E562EB}.Release|x64.Build.0 = Release|x64
		{32A10D3A-2A7D-4E61-A7CF-C2A714E562EB}.Release|x86.ActiveCfg = Release|Win32
		{32A10D3A-2A7D-4E61-A7CF-C2A714E562EB}.Release|x86.Build.0 = Release|Win32
	EndGlobalSection
	GlobalSection(SolutionProperties) = preSolution
		HideSolutionNode = FALSE
	EndGlobalSection
	GlobalSection(ExtensibilityGlobals) = postSolution
		SolutionGuid = {1F849221-1A89-4B53-920F-39728D8B2FD0}
	EndGlobalSection
EndGlobal
